// !$*UTF8*$!
{
	archiveVersion = 1;
	classes = {
	};
	objectVersion = 46;
	objects = {

/* Begin PBXBuildFile section */
		B57C5581E556B5699A0F54D7 /* libPods.a in Frameworks */ = {isa = PBXBuildFile; fileRef = D4C0547A9963EA001EAFE803 /* libPods.a */; };
		CB29B0761CCDEE5400455ABB /* LocalizeHelper.m in Sources */ = {isa = PBXBuildFile; fileRef = CB29B0741CCDEE5400455ABB /* LocalizeHelper.m */; };
		CB4884AF1CCE0DAA00D80D38 /* xcz.db in Resources */ = {isa = PBXBuildFile; fileRef = CB4884AE1CCE0DAA00D80D38 /* xcz.db */; };
		CB4884B31CCE0E9700D80D38 /* FontAwesome.ttf in Resources */ = {isa = PBXBuildFile; fileRef = CB4884B01CCE0E9700D80D38 /* FontAwesome.ttf */; };
		CB4884B41CCE0E9700D80D38 /* 华文仿宋.ttf in Resources */ = {isa = PBXBuildFile; fileRef = CB4884B11CCE0E9700D80D38 /* 华文仿宋.ttf */; };
		CB4884B51CCE0E9700D80D38 /* Wyue.otf in Resources */ = {isa = PBXBuildFile; fileRef = CB4884B21CCE0E9700D80D38 /* Wyue.otf */; };
		CB53A6E01CC78FAC00DC01F5 /* main.m in Sources */ = {isa = PBXBuildFile; fileRef = CB53A6DF1CC78FAC00DC01F5 /* main.m */; };
		CB53A6E31CC78FAC00DC01F5 /* XCZAppDelegate.m in Sources */ = {isa = PBXBuildFile; fileRef = CB53A6E21CC78FAC00DC01F5 /* XCZAppDelegate.m */; };
		CB53A6E61CC78FAC00DC01F5 /* XCZRandomQuoteViewController.m in Sources */ = {isa = PBXBuildFile; fileRef = CB53A6E51CC78FAC00DC01F5 /* XCZRandomQuoteViewController.m */; };
		CB53A6E91CC78FAC00DC01F5 /* Main.storyboard in Resources */ = {isa = PBXBuildFile; fileRef = CB53A6E71CC78FAC00DC01F5 /* Main.storyboard */; };
		CB53A6EB1CC78FAC00DC01F5 /* Assets.xcassets in Resources */ = {isa = PBXBuildFile; fileRef = CB53A6EA1CC78FAC00DC01F5 /* Assets.xcassets */; };
		CB53A6EE1CC78FAC00DC01F5 /* LaunchScreen.storyboard in Resources */ = {isa = PBXBuildFile; fileRef = CB53A6EC1CC78FAC00DC01F5 /* LaunchScreen.storyboard */; };
		CB53A6F91CC78FAC00DC01F5 /* XichuangzhuJayTestTests.m in Sources */ = {isa = PBXBuildFile; fileRef = CB53A6F81CC78FAC00DC01F5 /* XichuangzhuJayTestTests.m */; };
		CB53A7041CC78FAC00DC01F5 /* XichuangzhuJayTestUITests.m in Sources */ = {isa = PBXBuildFile; fileRef = CB53A7031CC78FAC00DC01F5 /* XichuangzhuJayTestUITests.m */; };
		CB781C7E1CC878B300F2C823 /* NSArray+Helper.m in Sources */ = {isa = PBXBuildFile; fileRef = CB781C771CC878B300F2C823 /* NSArray+Helper.m */; };
		CB781C7F1CC878B300F2C823 /* NSString+Helper.m in Sources */ = {isa = PBXBuildFile; fileRef = CB781C791CC878B300F2C823 /* NSString+Helper.m */; };
		CB781C801CC878B300F2C823 /* UIColor+Helper.m in Sources */ = {isa = PBXBuildFile; fileRef = CB781C7B1CC878B300F2C823 /* UIColor+Helper.m */; };
		CB781C811CC878B300F2C823 /* UIImage+Helper.m in Sources */ = {isa = PBXBuildFile; fileRef = CB781C7D1CC878B300F2C823 /* UIImage+Helper.m */; };
		CB781C871CC8C84700F2C823 /* XCZQuoteDraggableView.m in Sources */ = {isa = PBXBuildFile; fileRef = CB781C861CC8C84700F2C823 /* XCZQuoteDraggableView.m */; };
		CBA481301CCF208200133386 /* XCZCollectionsViewController.m in Sources */ = {isa = PBXBuildFile; fileRef = CBA4812F1CCF208200133386 /* XCZCollectionsViewController.m */; };
		CBA481331CCF209900133386 /* XCZLibraryViewController.m in Sources */ = {isa = PBXBuildFile; fileRef = CBA481321CCF209900133386 /* XCZLibraryViewController.m */; };
		CBA481361CCF20A700133386 /* XCZOtherViewController.m in Sources */ = {isa = PBXBuildFile; fileRef = CBA481351CCF20A700133386 /* XCZOtherViewController.m */; };
		CBB8FC6E1CCDF74E00D19747 /* KSCrash.framework in Frameworks */ = {isa = PBXBuildFile; fileRef = CBB8FC6D1CCDF74E00D19747 /* KSCrash.framework */; };
		CBB8FC701CCDF78500D19747 /* libc++.tbd in Frameworks */ = {isa = PBXBuildFile; fileRef = CBB8FC6F1CCDF78400D19747 /* libc++.tbd */; };
		CBB8FC721CCDF78E00D19747 /* libz.tbd in Frameworks */ = {isa = PBXBuildFile; fileRef = CBB8FC711CCDF78E00D19747 /* libz.tbd */; };
		CBB8FC741CCDF79600D19747 /* SystemConfiguration.framework in Frameworks */ = {isa = PBXBuildFile; fileRef = CBB8FC731CCDF79600D19747 /* SystemConfiguration.framework */; };
		CBB9ABD21CCA11160074B112 /* XCZUtils.m in Sources */ = {isa = PBXBuildFile; fileRef = CBB9ABD11CCA11160074B112 /* XCZUtils.m */; };
		CBD1EEA21CC9C4C00078ADF8 /* XCZQuoteView.m in Sources */ = {isa = PBXBuildFile; fileRef = CBD1EEA11CC9C4C00078ADF8 /* XCZQuoteView.m */; };
		CBD1EEA81CCA0D2A0078ADF8 /* XCZQuote.m in Sources */ = {isa = PBXBuildFile; fileRef = CBD1EEA71CCA0D2A0078ADF8 /* XCZQuote.m */; };
		CBD44D461CCF11D500816B9B /* XCZWorkViewController.m in Sources */ = {isa = PBXBuildFile; fileRef = CBD44D451CCF11D500816B9B /* XCZWorkViewController.m */; };
/* End PBXBuildFile section */

/* Begin PBXContainerItemProxy section */
		CB53A6F51CC78FAC00DC01F5 /* PBXContainerItemProxy */ = {
			isa = PBXContainerItemProxy;
			containerPortal = CB53A6D31CC78FAC00DC01F5 /* Project object */;
			proxyType = 1;
			remoteGlobalIDString = CB53A6DA1CC78FAC00DC01F5;
			remoteInfo = XichuangzhuJayTest;
		};
		CB53A7001CC78FAC00DC01F5 /* PBXContainerItemProxy */ = {
			isa = PBXContainerItemProxy;
			containerPortal = CB53A6D31CC78FAC00DC01F5 /* Project object */;
			proxyType = 1;
			remoteGlobalIDString = CB53A6DA1CC78FAC00DC01F5;
			remoteInfo = XichuangzhuJayTest;
		};
/* End PBXContainerItemProxy section */

/* Begin PBXFileReference section */
		049A4627754C494DEE7957A8 /* Pods.release.xcconfig */ = {isa = PBXFileReference; includeInIndex = 1; lastKnownFileType = text.xcconfig; name = Pods.release.xcconfig; path = "Pods/Target Support Files/Pods/Pods.release.xcconfig"; sourceTree = "<group>"; };
		0B5DD014593BCF1555B3022A /* Pods.debug.xcconfig */ = {isa = PBXFileReference; includeInIndex = 1; lastKnownFileType = text.xcconfig; name = Pods.debug.xcconfig; path = "Pods/Target Support Files/Pods/Pods.debug.xcconfig"; sourceTree = "<group>"; };
		CB29B0741CCDEE5400455ABB /* LocalizeHelper.m */ = {isa = PBXFileReference; fileEncoding = 4; lastKnownFileType = sourcecode.c.objc; path = LocalizeHelper.m; sourceTree = "<group>"; };
		CB29B0751CCDEE5400455ABB /* LocalizeHelper.h */ = {isa = PBXFileReference; fileEncoding = 4; lastKnownFileType = sourcecode.c.h; path = LocalizeHelper.h; sourceTree = "<group>"; };
		CB4884AE1CCE0DAA00D80D38 /* xcz.db */ = {isa = PBXFileReference; lastKnownFileType = file; path = xcz.db; sourceTree = "<group>"; };
		CB4884B01CCE0E9700D80D38 /* FontAwesome.ttf */ = {isa = PBXFileReference; lastKnownFileType = file; path = FontAwesome.ttf; sourceTree = "<group>"; };
		CB4884B11CCE0E9700D80D38 /* 华文仿宋.ttf */ = {isa = PBXFileReference; lastKnownFileType = file; path = "华文仿宋.ttf"; sourceTree = "<group>"; };
		CB4884B21CCE0E9700D80D38 /* Wyue.otf */ = {isa = PBXFileReference; lastKnownFileType = file; path = Wyue.otf; sourceTree = "<group>"; };
		CB53A6DB1CC78FAC00DC01F5 /* XichuangzhuJayTest.app */ = {isa = PBXFileReference; explicitFileType = wrapper.application; includeInIndex = 0; path = XichuangzhuJayTest.app; sourceTree = BUILT_PRODUCTS_DIR; };
		CB53A6DF1CC78FAC00DC01F5 /* main.m */ = {isa = PBXFileReference; lastKnownFileType = sourcecode.c.objc; path = main.m; sourceTree = "<group>"; };
		CB53A6E11CC78FAC00DC01F5 /* XCZAppDelegate.h */ = {isa = PBXFileReference; lastKnownFileType = sourcecode.c.h; path = XCZAppDelegate.h; sourceTree = "<group>"; };
		CB53A6E21CC78FAC00DC01F5 /* XCZAppDelegate.m */ = {isa = PBXFileReference; lastKnownFileType = sourcecode.c.objc; path = XCZAppDelegate.m; sourceTree = "<group>"; };
		CB53A6E41CC78FAC00DC01F5 /* XCZRandomQuoteViewController.h */ = {isa = PBXFileReference; lastKnownFileType = sourcecode.c.h; path = XCZRandomQuoteViewController.h; sourceTree = "<group>"; };
		CB53A6E51CC78FAC00DC01F5 /* XCZRandomQuoteViewController.m */ = {isa = PBXFileReference; lastKnownFileType = sourcecode.c.objc; path = XCZRandomQuoteViewController.m; sourceTree = "<group>"; };
		CB53A6E81CC78FAC00DC01F5 /* Base */ = {isa = PBXFileReference; lastKnownFileType = file.storyboard; name = Base; path = Base.lproj/Main.storyboard; sourceTree = "<group>"; };
		CB53A6EA1CC78FAC00DC01F5 /* Assets.xcassets */ = {isa = PBXFileReference; lastKnownFileType = folder.assetcatalog; path = Assets.xcassets; sourceTree = "<group>"; };
		CB53A6ED1CC78FAC00DC01F5 /* Base */ = {isa = PBXFileReference; lastKnownFileType = file.storyboard; name = Base; path = Base.lproj/LaunchScreen.storyboard; sourceTree = "<group>"; };
		CB53A6EF1CC78FAC00DC01F5 /* Info.plist */ = {isa = PBXFileReference; lastKnownFileType = text.plist.xml; path = Info.plist; sourceTree = "<group>"; };
		CB53A6F41CC78FAC00DC01F5 /* XichuangzhuJayTestTests.xctest */ = {isa = PBXFileReference; explicitFileType = wrapper.cfbundle; includeInIndex = 0; path = XichuangzhuJayTestTests.xctest; sourceTree = BUILT_PRODUCTS_DIR; };
		CB53A6F81CC78FAC00DC01F5 /* XichuangzhuJayTestTests.m */ = {isa = PBXFileReference; lastKnownFileType = sourcecode.c.objc; path = XichuangzhuJayTestTests.m; sourceTree = "<group>"; };
		CB53A6FA1CC78FAC00DC01F5 /* Info.plist */ = {isa = PBXFileReference; lastKnownFileType = text.plist.xml; path = Info.plist; sourceTree = "<group>"; };
		CB53A6FF1CC78FAC00DC01F5 /* XichuangzhuJayTestUITests.xctest */ = {isa = PBXFileReference; explicitFileType = wrapper.cfbundle; includeInIndex = 0; path = XichuangzhuJayTestUITests.xctest; sourceTree = BUILT_PRODUCTS_DIR; };
		CB53A7031CC78FAC00DC01F5 /* XichuangzhuJayTestUITests.m */ = {isa = PBXFileReference; lastKnownFileType = sourcecode.c.objc; path = XichuangzhuJayTestUITests.m; sourceTree = "<group>"; };
		CB53A7051CC78FAC00DC01F5 /* Info.plist */ = {isa = PBXFileReference; lastKnownFileType = text.plist.xml; path = Info.plist; sourceTree = "<group>"; };
		CB781C761CC878B300F2C823 /* NSArray+Helper.h */ = {isa = PBXFileReference; fileEncoding = 4; lastKnownFileType = sourcecode.c.h; path = "NSArray+Helper.h"; sourceTree = "<group>"; };
		CB781C771CC878B300F2C823 /* NSArray+Helper.m */ = {isa = PBXFileReference; fileEncoding = 4; lastKnownFileType = sourcecode.c.objc; path = "NSArray+Helper.m"; sourceTree = "<group>"; };
		CB781C781CC878B300F2C823 /* NSString+Helper.h */ = {isa = PBXFileReference; fileEncoding = 4; lastKnownFileType = sourcecode.c.h; path = "NSString+Helper.h"; sourceTree = "<group>"; };
		CB781C791CC878B300F2C823 /* NSString+Helper.m */ = {isa = PBXFileReference; fileEncoding = 4; lastKnownFileType = sourcecode.c.objc; path = "NSString+Helper.m"; sourceTree = "<group>"; };
		CB781C7A1CC878B300F2C823 /* UIColor+Helper.h */ = {isa = PBXFileReference; fileEncoding = 4; lastKnownFileType = sourcecode.c.h; path = "UIColor+Helper.h"; sourceTree = "<group>"; };
		CB781C7B1CC878B300F2C823 /* UIColor+Helper.m */ = {isa = PBXFileReference; fileEncoding = 4; lastKnownFileType = sourcecode.c.objc; path = "UIColor+Helper.m"; sourceTree = "<group>"; };
		CB781C7C1CC878B300F2C823 /* UIImage+Helper.h */ = {isa = PBXFileReference; fileEncoding = 4; lastKnownFileType = sourcecode.c.h; path = "UIImage+Helper.h"; sourceTree = "<group>"; };
		CB781C7D1CC878B300F2C823 /* UIImage+Helper.m */ = {isa = PBXFileReference; fileEncoding = 4; lastKnownFileType = sourcecode.c.objc; path = "UIImage+Helper.m"; sourceTree = "<group>"; };
		CB781C851CC8C84700F2C823 /* XCZQuoteDraggableView.h */ = {isa = PBXFileReference; fileEncoding = 4; lastKnownFileType = sourcecode.c.h; path = XCZQuoteDraggableView.h; sourceTree = "<group>"; };
		CB781C861CC8C84700F2C823 /* XCZQuoteDraggableView.m */ = {isa = PBXFileReference; fileEncoding = 4; lastKnownFileType = sourcecode.c.objc; path = XCZQuoteDraggableView.m; sourceTree = "<group>"; };
		CBA4812E1CCF208200133386 /* XCZCollectionsViewController.h */ = {isa = PBXFileReference; fileEncoding = 4; lastKnownFileType = sourcecode.c.h; path = XCZCollectionsViewController.h; sourceTree = "<group>"; };
		CBA4812F1CCF208200133386 /* XCZCollectionsViewController.m */ = {isa = PBXFileReference; fileEncoding = 4; lastKnownFileType = sourcecode.c.objc; path = XCZCollectionsViewController.m; sourceTree = "<group>"; };
		CBA481311CCF209900133386 /* XCZLibraryViewController.h */ = {isa = PBXFileReference; fileEncoding = 4; lastKnownFileType = sourcecode.c.h; path = XCZLibraryViewController.h; sourceTree = "<group>"; };
		CBA481321CCF209900133386 /* XCZLibraryViewController.m */ = {isa = PBXFileReference; fileEncoding = 4; lastKnownFileType = sourcecode.c.objc; path = XCZLibraryViewController.m; sourceTree = "<group>"; };
		CBA481341CCF20A700133386 /* XCZOtherViewController.h */ = {isa = PBXFileReference; fileEncoding = 4; lastKnownFileType = sourcecode.c.h; path = XCZOtherViewController.h; sourceTree = "<group>"; };
		CBA481351CCF20A700133386 /* XCZOtherViewController.m */ = {isa = PBXFileReference; fileEncoding = 4; lastKnownFileType = sourcecode.c.objc; path = XCZOtherViewController.m; sourceTree = "<group>"; };
		CBB8FC6D1CCDF74E00D19747 /* KSCrash.framework */ = {isa = PBXFileReference; lastKnownFileType = wrapper.framework; path = KSCrash.framework; sourceTree = "<group>"; };
		CBB8FC6F1CCDF78400D19747 /* libc++.tbd */ = {isa = PBXFileReference; lastKnownFileType = "sourcecode.text-based-dylib-definition"; name = "libc++.tbd"; path = "usr/lib/libc++.tbd"; sourceTree = SDKROOT; };
		CBB8FC711CCDF78E00D19747 /* libz.tbd */ = {isa = PBXFileReference; lastKnownFileType = "sourcecode.text-based-dylib-definition"; name = libz.tbd; path = usr/lib/libz.tbd; sourceTree = SDKROOT; };
		CBB8FC731CCDF79600D19747 /* SystemConfiguration.framework */ = {isa = PBXFileReference; lastKnownFileType = wrapper.framework; name = SystemConfiguration.framework; path = System/Library/Frameworks/SystemConfiguration.framework; sourceTree = SDKROOT; };
		CBB9ABD01CCA11160074B112 /* XCZUtils.h */ = {isa = PBXFileReference; fileEncoding = 4; lastKnownFileType = sourcecode.c.h; path = XCZUtils.h; sourceTree = "<group>"; };
		CBB9ABD11CCA11160074B112 /* XCZUtils.m */ = {isa = PBXFileReference; fileEncoding = 4; lastKnownFileType = sourcecode.c.objc; path = XCZUtils.m; sourceTree = "<group>"; };
		CBD1EEA01CC9C4C00078ADF8 /* XCZQuoteView.h */ = {isa = PBXFileReference; fileEncoding = 4; lastKnownFileType = sourcecode.c.h; path = XCZQuoteView.h; sourceTree = "<group>"; };
		CBD1EEA11CC9C4C00078ADF8 /* XCZQuoteView.m */ = {isa = PBXFileReference; fileEncoding = 4; lastKnownFileType = sourcecode.c.objc; path = XCZQuoteView.m; sourceTree = "<group>"; };
		CBD1EEA31CC9F78B0078ADF8 /* Constants.h */ = {isa = PBXFileReference; lastKnownFileType = sourcecode.c.h; path = Constants.h; sourceTree = "<group>"; };
		CBD1EEA61CCA0D2A0078ADF8 /* XCZQuote.h */ = {isa = PBXFileReference; fileEncoding = 4; lastKnownFileType = sourcecode.c.h; path = XCZQuote.h; sourceTree = "<group>"; };
		CBD1EEA71CCA0D2A0078ADF8 /* XCZQuote.m */ = {isa = PBXFileReference; fileEncoding = 4; lastKnownFileType = sourcecode.c.objc; path = XCZQuote.m; sourceTree = "<group>"; };
		CBD44D441CCF11D500816B9B /* XCZWorkViewController.h */ = {isa = PBXFileReference; fileEncoding = 4; lastKnownFileType = sourcecode.c.h; path = XCZWorkViewController.h; sourceTree = "<group>"; };
		CBD44D451CCF11D500816B9B /* XCZWorkViewController.m */ = {isa = PBXFileReference; fileEncoding = 4; lastKnownFileType = sourcecode.c.objc; path = XCZWorkViewController.m; sourceTree = "<group>"; };
		D4C0547A9963EA001EAFE803 /* libPods.a */ = {isa = PBXFileReference; explicitFileType = archive.ar; includeInIndex = 0; path = libPods.a; sourceTree = BUILT_PRODUCTS_DIR; };
/* End PBXFileReference section */

/* Begin PBXFrameworksBuildPhase section */
		CB53A6D81CC78FAC00DC01F5 /* Frameworks */ = {
			isa = PBXFrameworksBuildPhase;
			buildActionMask = 2147483647;
			files = (
				CBB8FC741CCDF79600D19747 /* SystemConfiguration.framework in Frameworks */,
				CBB8FC721CCDF78E00D19747 /* libz.tbd in Frameworks */,
				CBB8FC701CCDF78500D19747 /* libc++.tbd in Frameworks */,
				CBB8FC6E1CCDF74E00D19747 /* KSCrash.framework in Frameworks */,
				B57C5581E556B5699A0F54D7 /* libPods.a in Frameworks */,
			);
			runOnlyForDeploymentPostprocessing = 0;
		};
		CB53A6F11CC78FAC00DC01F5 /* Frameworks */ = {
			isa = PBXFrameworksBuildPhase;
			buildActionMask = 2147483647;
			files = (
			);
			runOnlyForDeploymentPostprocessing = 0;
		};
		CB53A6FC1CC78FAC00DC01F5 /* Frameworks */ = {
			isa = PBXFrameworksBuildPhase;
			buildActionMask = 2147483647;
			files = (
			);
			runOnlyForDeploymentPostprocessing = 0;
		};
/* End PBXFrameworksBuildPhase section */

/* Begin PBXGroup section */
		CB53A6D21CC78FAC00DC01F5 = {
			isa = PBXGroup;
			children = (
				CB53A6DD1CC78FAC00DC01F5 /* XichuangzhuJayTest */,
				CB53A6F71CC78FAC00DC01F5 /* XichuangzhuJayTestTests */,
				CB53A7021CC78FAC00DC01F5 /* XichuangzhuJayTestUITests */,
				CB53A6DC1CC78FAC00DC01F5 /* Products */,
				D4AD92DA788B502F4E710056 /* Pods */,
				DDFB73B91B89EE7BF608C8E0 /* Frameworks */,
			);
			sourceTree = "<group>";
		};
		CB53A6DC1CC78FAC00DC01F5 /* Products */ = {
			isa = PBXGroup;
			children = (
				CB53A6DB1CC78FAC00DC01F5 /* XichuangzhuJayTest.app */,
				CB53A6F41CC78FAC00DC01F5 /* XichuangzhuJayTestTests.xctest */,
				CB53A6FF1CC78FAC00DC01F5 /* XichuangzhuJayTestUITests.xctest */,
			);
			name = Products;
			sourceTree = "<group>";
		};
		CB53A6DD1CC78FAC00DC01F5 /* XichuangzhuJayTest */ = {
			isa = PBXGroup;
			children = (
				CB53A6E11CC78FAC00DC01F5 /* XCZAppDelegate.h */,
				CB53A6E21CC78FAC00DC01F5 /* XCZAppDelegate.m */,
				CB53A6E41CC78FAC00DC01F5 /* XCZRandomQuoteViewController.h */,
				CB53A6E51CC78FAC00DC01F5 /* XCZRandomQuoteViewController.m */,
				CBB9ABCF1CCA11000074B112 /* Utils */,
				CBD1EEA41CCA0CFB0078ADF8 /* Models */,
				CB781C831CC8C81C00F2C823 /* Views */,
				CB781C821CC8C79000F2C823 /* Controllers */,
				CB781C751CC878B300F2C823 /* Categories */,
				CB53A6E71CC78FAC00DC01F5 /* Main.storyboard */,
				CB53A6EA1CC78FAC00DC01F5 /* Assets.xcassets */,
				CB53A6EC1CC78FAC00DC01F5 /* LaunchScreen.storyboard */,
				CB53A6EF1CC78FAC00DC01F5 /* Info.plist */,
				CB53A6DE1CC78FAC00DC01F5 /* Supporting Files */,
				CBD1EEA31CC9F78B0078ADF8 /* Constants.h */,
			);
			path = XichuangzhuJayTest;
			sourceTree = "<group>";
		};
		CB53A6DE1CC78FAC00DC01F5 /* Supporting Files */ = {
			isa = PBXGroup;
			children = (
				CB4884AE1CCE0DAA00D80D38 /* xcz.db */,
				CB4884B01CCE0E9700D80D38 /* FontAwesome.ttf */,
				CB4884B11CCE0E9700D80D38 /* 华文仿宋.ttf */,
				CB4884B21CCE0E9700D80D38 /* Wyue.otf */,
				CBB8FC6D1CCDF74E00D19747 /* KSCrash.framework */,
				CB53A6DF1CC78FAC00DC01F5 /* main.m */,
			);
			name = "Supporting Files";
			sourceTree = "<group>";
		};
		CB53A6F71CC78FAC00DC01F5 /* XichuangzhuJayTestTests */ = {
			isa = PBXGroup;
			children = (
				CB53A6F81CC78FAC00DC01F5 /* XichuangzhuJayTestTests.m */,
				CB53A6FA1CC78FAC00DC01F5 /* Info.plist */,
			);
			path = XichuangzhuJayTestTests;
			sourceTree = "<group>";
		};
		CB53A7021CC78FAC00DC01F5 /* XichuangzhuJayTestUITests */ = {
			isa = PBXGroup;
			children = (
				CB53A7031CC78FAC00DC01F5 /* XichuangzhuJayTestUITests.m */,
				CB53A7051CC78FAC00DC01F5 /* Info.plist */,
			);
			path = XichuangzhuJayTestUITests;
			sourceTree = "<group>";
		};
		CB781C751CC878B300F2C823 /* Categories */ = {
			isa = PBXGroup;
			children = (
				CB781C761CC878B300F2C823 /* NSArray+Helper.h */,
				CB781C771CC878B300F2C823 /* NSArray+Helper.m */,
				CB781C781CC878B300F2C823 /* NSString+Helper.h */,
				CB781C791CC878B300F2C823 /* NSString+Helper.m */,
				CB781C7A1CC878B300F2C823 /* UIColor+Helper.h */,
				CB781C7B1CC878B300F2C823 /* UIColor+Helper.m */,
				CB781C7C1CC878B300F2C823 /* UIImage+Helper.h */,
				CB781C7D1CC878B300F2C823 /* UIImage+Helper.m */,
			);
			path = Categories;
			sourceTree = "<group>";
		};
		CB781C821CC8C79000F2C823 /* Controllers */ = {
			isa = PBXGroup;
			children = (
				CBD44D441CCF11D500816B9B /* XCZWorkViewController.h */,
				CBD44D451CCF11D500816B9B /* XCZWorkViewController.m */,
				CBA4812E1CCF208200133386 /* XCZCollectionsViewController.h */,
				CBA4812F1CCF208200133386 /* XCZCollectionsViewController.m */,
				CBA481311CCF209900133386 /* XCZLibraryViewController.h */,
				CBA481321CCF209900133386 /* XCZLibraryViewController.m */,
				CBA481341CCF20A700133386 /* XCZOtherViewController.h */,
				CBA481351CCF20A700133386 /* XCZOtherViewController.m */,
			);
			path = Controllers;
			sourceTree = "<group>";
		};
		CB781C831CC8C81C00F2C823 /* Views */ = {
			isa = PBXGroup;
			children = (
				CB781C841CC8C81C00F2C823 /* Quote */,
			);
			path = Views;
			sourceTree = "<group>";
		};
		CB781C841CC8C81C00F2C823 /* Quote */ = {
			isa = PBXGroup;
			children = (
				CB781C851CC8C84700F2C823 /* XCZQuoteDraggableView.h */,
				CB781C861CC8C84700F2C823 /* XCZQuoteDraggableView.m */,
				CBD1EEA01CC9C4C00078ADF8 /* XCZQuoteView.h */,
				CBD1EEA11CC9C4C00078ADF8 /* XCZQuoteView.m */,
			);
			path = Quote;
			sourceTree = "<group>";
		};
		CBB9ABCF1CCA11000074B112 /* Utils */ = {
			isa = PBXGroup;
			children = (
				CBB9ABD01CCA11160074B112 /* XCZUtils.h */,
				CBB9ABD11CCA11160074B112 /* XCZUtils.m */,
				CB29B0741CCDEE5400455ABB /* LocalizeHelper.m */,
				CB29B0751CCDEE5400455ABB /* LocalizeHelper.h */,
			);
			path = Utils;
			sourceTree = "<group>";
		};
		CBD1EEA41CCA0CFB0078ADF8 /* Models */ = {
			isa = PBXGroup;
			children = (
				CBD1EEA61CCA0D2A0078ADF8 /* XCZQuote.h */,
				CBD1EEA71CCA0D2A0078ADF8 /* XCZQuote.m */,
			);
			path = Models;
			sourceTree = "<group>";
		};
		D4AD92DA788B502F4E710056 /* Pods */ = {
			isa = PBXGroup;
			children = (
				0B5DD014593BCF1555B3022A /* Pods.debug.xcconfig */,
				049A4627754C494DEE7957A8 /* Pods.release.xcconfig */,
			);
			name = Pods;
			sourceTree = "<group>";
		};
		DDFB73B91B89EE7BF608C8E0 /* Frameworks */ = {
			isa = PBXGroup;
			children = (
				CBB8FC731CCDF79600D19747 /* SystemConfiguration.framework */,
				CBB8FC711CCDF78E00D19747 /* libz.tbd */,
				CBB8FC6F1CCDF78400D19747 /* libc++.tbd */,
				D4C0547A9963EA001EAFE803 /* libPods.a */,
			);
			name = Frameworks;
			sourceTree = "<group>";
		};
/* End PBXGroup section */

/* Begin PBXNativeTarget section */
		CB53A6DA1CC78FAC00DC01F5 /* XichuangzhuJayTest */ = {
			isa = PBXNativeTarget;
			buildConfigurationList = CB53A7081CC78FAC00DC01F5 /* Build configuration list for PBXNativeTarget "XichuangzhuJayTest" */;
			buildPhases = (
				A4A43FFE83E1CCEC9A584724 /* Check Pods Manifest.lock */,
				CB53A6D71CC78FAC00DC01F5 /* Sources */,
				CB53A6D81CC78FAC00DC01F5 /* Frameworks */,
				CB53A6D91CC78FAC00DC01F5 /* Resources */,
				FC8DE90C3F18BE4049963A52 /* Embed Pods Frameworks */,
				8BEE8CEA91AEF4CA97C91448 /* Copy Pods Resources */,
			);
			buildRules = (
			);
			dependencies = (
			);
			name = XichuangzhuJayTest;
			productName = XichuangzhuJayTest;
			productReference = CB53A6DB1CC78FAC00DC01F5 /* XichuangzhuJayTest.app */;
			productType = "com.apple.product-type.application";
		};
		CB53A6F31CC78FAC00DC01F5 /* XichuangzhuJayTestTests */ = {
			isa = PBXNativeTarget;
			buildConfigurationList = CB53A70B1CC78FAC00DC01F5 /* Build configuration list for PBXNativeTarget "XichuangzhuJayTestTests" */;
			buildPhases = (
				CB53A6F01CC78FAC00DC01F5 /* Sources */,
				CB53A6F11CC78FAC00DC01F5 /* Frameworks */,
				CB53A6F21CC78FAC00DC01F5 /* Resources */,
			);
			buildRules = (
			);
			dependencies = (
				CB53A6F61CC78FAC00DC01F5 /* PBXTargetDependency */,
			);
			name = XichuangzhuJayTestTests;
			productName = XichuangzhuJayTestTests;
			productReference = CB53A6F41CC78FAC00DC01F5 /* XichuangzhuJayTestTests.xctest */;
			productType = "com.apple.product-type.bundle.unit-test";
		};
		CB53A6FE1CC78FAC00DC01F5 /* XichuangzhuJayTestUITests */ = {
			isa = PBXNativeTarget;
			buildConfigurationList = CB53A70E1CC78FAC00DC01F5 /* Build configuration list for PBXNativeTarget "XichuangzhuJayTestUITests" */;
			buildPhases = (
				CB53A6FB1CC78FAC00DC01F5 /* Sources */,
				CB53A6FC1CC78FAC00DC01F5 /* Frameworks */,
				CB53A6FD1CC78FAC00DC01F5 /* Resources */,
			);
			buildRules = (
			);
			dependencies = (
				CB53A7011CC78FAC00DC01F5 /* PBXTargetDependency */,
			);
			name = XichuangzhuJayTestUITests;
			productName = XichuangzhuJayTestUITests;
			productReference = CB53A6FF1CC78FAC00DC01F5 /* XichuangzhuJayTestUITests.xctest */;
			productType = "com.apple.product-type.bundle.ui-testing";
		};
/* End PBXNativeTarget section */

/* Begin PBXProject section */
		CB53A6D31CC78FAC00DC01F5 /* Project object */ = {
			isa = PBXProject;
			attributes = {
				CLASSPREFIX = XCZ;
				LastUpgradeCheck = 0730;
				ORGANIZATIONNAME = laiyongche;
				TargetAttributes = {
					CB53A6DA1CC78FAC00DC01F5 = {
						CreatedOnToolsVersion = 7.3;
					};
					CB53A6F31CC78FAC00DC01F5 = {
						CreatedOnToolsVersion = 7.3;
						TestTargetID = CB53A6DA1CC78FAC00DC01F5;
					};
					CB53A6FE1CC78FAC00DC01F5 = {
						CreatedOnToolsVersion = 7.3;
						TestTargetID = CB53A6DA1CC78FAC00DC01F5;
					};
				};
			};
			buildConfigurationList = CB53A6D61CC78FAC00DC01F5 /* Build configuration list for PBXProject "XichuangzhuJayTest" */;
			compatibilityVersion = "Xcode 3.2";
			developmentRegion = English;
			hasScannedForEncodings = 0;
			knownRegions = (
				en,
				Base,
			);
			mainGroup = CB53A6D21CC78FAC00DC01F5;
			productRefGroup = CB53A6DC1CC78FAC00DC01F5 /* Products */;
			projectDirPath = "";
			projectRoot = "";
			targets = (
				CB53A6DA1CC78FAC00DC01F5 /* XichuangzhuJayTest */,
				CB53A6F31CC78FAC00DC01F5 /* XichuangzhuJayTestTests */,
				CB53A6FE1CC78FAC00DC01F5 /* XichuangzhuJayTestUITests */,
			);
		};
/* End PBXProject section */

/* Begin PBXResourcesBuildPhase section */
		CB53A6D91CC78FAC00DC01F5 /* Resources */ = {
			isa = PBXResourcesBuildPhase;
			buildActionMask = 2147483647;
			files = (
				CB53A6EE1CC78FAC00DC01F5 /* LaunchScreen.storyboard in Resources */,
				CB4884B41CCE0E9700D80D38 /* 华文仿宋.ttf in Resources */,
				CB4884B31CCE0E9700D80D38 /* FontAwesome.ttf in Resources */,
				CB53A6EB1CC78FAC00DC01F5 /* Assets.xcassets in Resources */,
				CB53A6E91CC78FAC00DC01F5 /* Main.storyboard in Resources */,
				CB4884AF1CCE0DAA00D80D38 /* xcz.db in Resources */,
				CB4884B51CCE0E9700D80D38 /* Wyue.otf in Resources */,
			);
			runOnlyForDeploymentPostprocessing = 0;
		};
		CB53A6F21CC78FAC00DC01F5 /* Resources */ = {
			isa = PBXResourcesBuildPhase;
			buildActionMask = 2147483647;
			files = (
			);
			runOnlyForDeploymentPostprocessing = 0;
		};
		CB53A6FD1CC78FAC00DC01F5 /* Resources */ = {
			isa = PBXResourcesBuildPhase;
			buildActionMask = 2147483647;
			files = (
			);
			runOnlyForDeploymentPostprocessing = 0;
		};
/* End PBXResourcesBuildPhase section */

/* Begin PBXShellScriptBuildPhase section */
		8BEE8CEA91AEF4CA97C91448 /* Copy Pods Resources */ = {
			isa = PBXShellScriptBuildPhase;
			buildActionMask = 2147483647;
			files = (
			);
			inputPaths = (
			);
			name = "Copy Pods Resources";
			outputPaths = (
			);
			runOnlyForDeploymentPostprocessing = 0;
			shellPath = /bin/sh;
			shellScript = "\"${SRCROOT}/Pods/Target Support Files/Pods/Pods-resources.sh\"\n";
			showEnvVarsInLog = 0;
		};
		A4A43FFE83E1CCEC9A584724 /* Check Pods Manifest.lock */ = {
			isa = PBXShellScriptBuildPhase;
			buildActionMask = 2147483647;
			files = (
			);
			inputPaths = (
			);
			name = "Check Pods Manifest.lock";
			outputPaths = (
			);
			runOnlyForDeploymentPostprocessing = 0;
			shellPath = /bin/sh;
			shellScript = "diff \"${PODS_ROOT}/../Podfile.lock\" \"${PODS_ROOT}/Manifest.lock\" > /dev/null\nif [[ $? != 0 ]] ; then\n    cat << EOM\nerror: The sandbox is not in sync with the Podfile.lock. Run 'pod install' or update your CocoaPods installation.\nEOM\n    exit 1\nfi\n";
			showEnvVarsInLog = 0;
		};
		FC8DE90C3F18BE4049963A52 /* Embed Pods Frameworks */ = {
			isa = PBXShellScriptBuildPhase;
			buildActionMask = 2147483647;
			files = (
			);
			inputPaths = (
			);
			name = "Embed Pods Frameworks";
			outputPaths = (
			);
			runOnlyForDeploymentPostprocessing = 0;
			shellPath = /bin/sh;
			shellScript = "\"${SRCROOT}/Pods/Target Support Files/Pods/Pods-frameworks.sh\"\n";
			showEnvVarsInLog = 0;
		};
/* End PBXShellScriptBuildPhase section */

/* Begin PBXSourcesBuildPhase section */
		CB53A6D71CC78FAC00DC01F5 /* Sources */ = {
			isa = PBXSourcesBuildPhase;
			buildActionMask = 2147483647;
			files = (
				CBA481301CCF208200133386 /* XCZCollectionsViewController.m in Sources */,
				CB781C7F1CC878B300F2C823 /* NSString+Helper.m in Sources */,
				CB781C871CC8C84700F2C823 /* XCZQuoteDraggableView.m in Sources */,
				CB29B0761CCDEE5400455ABB /* LocalizeHelper.m in Sources */,
				CB53A6E61CC78FAC00DC01F5 /* XCZRandomQuoteViewController.m in Sources */,
				CB781C811CC878B300F2C823 /* UIImage+Helper.m in Sources */,
				CBD44D461CCF11D500816B9B /* XCZWorkViewController.m in Sources */,
				CBD1EEA81CCA0D2A0078ADF8 /* XCZQuote.m in Sources */,
				CBB9ABD21CCA11160074B112 /* XCZUtils.m in Sources */,
				CBA481361CCF20A700133386 /* XCZOtherViewController.m in Sources */,
				CB53A6E31CC78FAC00DC01F5 /* XCZAppDelegate.m in Sources */,
				CBD1EEA21CC9C4C00078ADF8 /* XCZQuoteView.m in Sources */,
				CB781C7E1CC878B300F2C823 /* NSArray+Helper.m in Sources */,
				CBA481331CCF209900133386 /* XCZLibraryViewController.m in Sources */,
				CB53A6E01CC78FAC00DC01F5 /* main.m in Sources */,
				CB781C801CC878B300F2C823 /* UIColor+Helper.m in Sources */,
			);
			runOnlyForDeploymentPostprocessing = 0;
		};
		CB53A6F01CC78FAC00DC01F5 /* Sources */ = {
			isa = PBXSourcesBuildPhase;
			buildActionMask = 2147483647;
			files = (
				CB53A6F91CC78FAC00DC01F5 /* XichuangzhuJayTestTests.m in Sources */,
			);
			runOnlyForDeploymentPostprocessing = 0;
		};
		CB53A6FB1CC78FAC00DC01F5 /* Sources */ = {
			isa = PBXSourcesBuildPhase;
			buildActionMask = 2147483647;
			files = (
				CB53A7041CC78FAC00DC01F5 /* XichuangzhuJayTestUITests.m in Sources */,
			);
			runOnlyForDeploymentPostprocessing = 0;
		};
/* End PBXSourcesBuildPhase section */

/* Begin PBXTargetDependency section */
		CB53A6F61CC78FAC00DC01F5 /* PBXTargetDependency */ = {
			isa = PBXTargetDependency;
			target = CB53A6DA1CC78FAC00DC01F5 /* XichuangzhuJayTest */;
			targetProxy = CB53A6F51CC78FAC00DC01F5 /* PBXContainerItemProxy */;
		};
		CB53A7011CC78FAC00DC01F5 /* PBXTargetDependency */ = {
			isa = PBXTargetDependency;
			target = CB53A6DA1CC78FAC00DC01F5 /* XichuangzhuJayTest */;
			targetProxy = CB53A7001CC78FAC00DC01F5 /* PBXContainerItemProxy */;
		};
/* End PBXTargetDependency section */

/* Begin PBXVariantGroup section */
		CB53A6E71CC78FAC00DC01F5 /* Main.storyboard */ = {
			isa = PBXVariantGroup;
			children = (
				CB53A6E81CC78FAC00DC01F5 /* Base */,
			);
			name = Main.storyboard;
			sourceTree = "<group>";
		};
		CB53A6EC1CC78FAC00DC01F5 /* LaunchScreen.storyboard */ = {
			isa = PBXVariantGroup;
			children = (
				CB53A6ED1CC78FAC00DC01F5 /* Base */,
			);
			name = LaunchScreen.storyboard;
			sourceTree = "<group>";
		};
/* End PBXVariantGroup section */

/* Begin XCBuildConfiguration section */
		CB53A7061CC78FAC00DC01F5 /* Debug */ = {
			isa = XCBuildConfiguration;
			buildSettings = {
				ALWAYS_SEARCH_USER_PATHS = NO;
				CLANG_ANALYZER_NONNULL = YES;
				CLANG_CXX_LANGUAGE_STANDARD = "gnu++0x";
				CLANG_CXX_LIBRARY = "libc++";
				CLANG_ENABLE_MODULES = YES;
				CLANG_ENABLE_OBJC_ARC = YES;
				CLANG_WARN_BOOL_CONVERSION = YES;
				CLANG_WARN_CONSTANT_CONVERSION = YES;
				CLANG_WARN_DIRECT_OBJC_ISA_USAGE = YES_ERROR;
				CLANG_WARN_EMPTY_BODY = YES;
				CLANG_WARN_ENUM_CONVERSION = YES;
				CLANG_WARN_INT_CONVERSION = YES;
				CLANG_WARN_OBJC_ROOT_CLASS = YES_ERROR;
				CLANG_WARN_UNREACHABLE_CODE = YES;
				CLANG_WARN__DUPLICATE_METHOD_MATCH = YES;
				"CODE_SIGN_IDENTITY[sdk=iphoneos*]" = "iPhone Developer";
				COPY_PHASE_STRIP = NO;
				DEBUG_INFORMATION_FORMAT = dwarf;
				ENABLE_STRICT_OBJC_MSGSEND = YES;
				ENABLE_TESTABILITY = YES;
				GCC_C_LANGUAGE_STANDARD = gnu99;
				GCC_DYNAMIC_NO_PIC = NO;
				GCC_NO_COMMON_BLOCKS = YES;
				GCC_OPTIMIZATION_LEVEL = 0;
				GCC_PREPROCESSOR_DEFINITIONS = (
					"DEBUG=1",
					"$(inherited)",
				);
				GCC_WARN_64_TO_32_BIT_CONVERSION = YES;
				GCC_WARN_ABOUT_RETURN_TYPE = YES_ERROR;
				GCC_WARN_UNDECLARED_SELECTOR = YES;
				GCC_WARN_UNINITIALIZED_AUTOS = YES_AGGRESSIVE;
				GCC_WARN_UNUSED_FUNCTION = YES;
				GCC_WARN_UNUSED_VARIABLE = YES;
				IPHONEOS_DEPLOYMENT_TARGET = 9.3;
				MTL_ENABLE_DEBUG_INFO = YES;
				ONLY_ACTIVE_ARCH = YES;
				SDKROOT = iphoneos;
				TARGETED_DEVICE_FAMILY = "1,2";
			};
			name = Debug;
		};
		CB53A7071CC78FAC00DC01F5 /* Release */ = {
			isa = XCBuildConfiguration;
			buildSettings = {
				ALWAYS_SEARCH_USER_PATHS = NO;
				CLANG_ANALYZER_NONNULL = YES;
				CLANG_CXX_LANGUAGE_STANDARD = "gnu++0x";
				CLANG_CXX_LIBRARY = "libc++";
				CLANG_ENABLE_MODULES = YES;
				CLANG_ENABLE_OBJC_ARC = YES;
				CLANG_WARN_BOOL_CONVERSION = YES;
				CLANG_WARN_CONSTANT_CONVERSION = YES;
				CLANG_WARN_DIRECT_OBJC_ISA_USAGE = YES_ERROR;
				CLANG_WARN_EMPTY_BODY = YES;
				CLANG_WARN_ENUM_CONVERSION = YES;
				CLANG_WARN_INT_CONVERSION = YES;
				CLANG_WARN_OBJC_ROOT_CLASS = YES_ERROR;
				CLANG_WARN_UNREACHABLE_CODE = YES;
				CLANG_WARN__DUPLICATE_METHOD_MATCH = YES;
				"CODE_SIGN_IDENTITY[sdk=iphoneos*]" = "iPhone Developer";
				COPY_PHASE_STRIP = NO;
				DEBUG_INFORMATION_FORMAT = "dwarf-with-dsym";
				ENABLE_NS_ASSERTIONS = NO;
				ENABLE_STRICT_OBJC_MSGSEND = YES;
				GCC_C_LANGUAGE_STANDARD = gnu99;
				GCC_NO_COMMON_BLOCKS = YES;
				GCC_WARN_64_TO_32_BIT_CONVERSION = YES;
				GCC_WARN_ABOUT_RETURN_TYPE = YES_ERROR;
				GCC_WARN_UNDECLARED_SELECTOR = YES;
				GCC_WARN_UNINITIALIZED_AUTOS = YES_AGGRESSIVE;
				GCC_WARN_UNUSED_FUNCTION = YES;
				GCC_WARN_UNUSED_VARIABLE = YES;
				IPHONEOS_DEPLOYMENT_TARGET = 9.3;
				MTL_ENABLE_DEBUG_INFO = NO;
				SDKROOT = iphoneos;
				TARGETED_DEVICE_FAMILY = "1,2";
				VALIDATE_PRODUCT = YES;
			};
			name = Release;
		};
		CB53A7091CC78FAC00DC01F5 /* Debug */ = {
			isa = XCBuildConfiguration;
			baseConfigurationReference = 0B5DD014593BCF1555B3022A /* Pods.debug.xcconfig */;
			buildSettings = {
				ASSETCATALOG_COMPILER_APPICON_NAME = AppIcon;
				FRAMEWORK_SEARCH_PATHS = (
					"$(inherited)",
					"$(PROJECT_DIR)/XichuangzhuJayTest",
				);
				INFOPLIST_FILE = XichuangzhuJayTest/Info.plist;
				LD_RUNPATH_SEARCH_PATHS = "$(inherited) @executable_path/Frameworks";
				PRODUCT_BUNDLE_IDENTIFIER = mingren.XichuangzhuJayTest;
				PRODUCT_NAME = "$(TARGET_NAME)";
			};
			name = Debug;
		};
		CB53A70A1CC78FAC00DC01F5 /* Release */ = {
			isa = XCBuildConfiguration;
			baseConfigurationReference = 049A4627754C494DEE7957A8 /* Pods.release.xcconfig */;
			buildSettings = {
				ASSETCATALOG_COMPILER_APPICON_NAME = AppIcon;
				FRAMEWORK_SEARCH_PATHS = (
					"$(inherited)",
					"$(PROJECT_DIR)/XichuangzhuJayTest",
				);
				INFOPLIST_FILE = XichuangzhuJayTest/Info.plist;
				LD_RUNPATH_SEARCH_PATHS = "$(inherited) @executable_path/Frameworks";
				PRODUCT_BUNDLE_IDENTIFIER = mingren.XichuangzhuJayTest;
				PRODUCT_NAME = "$(TARGET_NAME)";
			};
			name = Release;
		};
		CB53A70C1CC78FAC00DC01F5 /* Debug */ = {
			isa = XCBuildConfiguration;
			buildSettings = {
				BUNDLE_LOADER = "$(TEST_HOST)";
				INFOPLIST_FILE = XichuangzhuJayTestTests/Info.plist;
				LD_RUNPATH_SEARCH_PATHS = "$(inherited) @executable_path/Frameworks @loader_path/Frameworks";
				PRODUCT_BUNDLE_IDENTIFIER = mingren.XichuangzhuJayTestTests;
				PRODUCT_NAME = "$(TARGET_NAME)";
				TEST_HOST = "$(BUILT_PRODUCTS_DIR)/XichuangzhuJayTest.app/XichuangzhuJayTest";
			};
			name = Debug;
		};
		CB53A70D1CC78FAC00DC01F5 /* Release */ = {
			isa = XCBuildConfiguration;
			buildSettings = {
				BUNDLE_LOADER = "$(TEST_HOST)";
				INFOPLIST_FILE = XichuangzhuJayTestTests/Info.plist;
				LD_RUNPATH_SEARCH_PATHS = "$(inherited) @executable_path/Frameworks @loader_path/Frameworks";
				PRODUCT_BUNDLE_IDENTIFIER = mingren.XichuangzhuJayTestTests;
				PRODUCT_NAME = "$(TARGET_NAME)";
				TEST_HOST = "$(BUILT_PRODUCTS_DIR)/XichuangzhuJayTest.app/XichuangzhuJayTest";
			};
			name = Release;
		};
		CB53A70F1CC78FAC00DC01F5 /* Debug */ = {
			isa = XCBuildConfiguration;
			buildSettings = {
				INFOPLIST_FILE = XichuangzhuJayTestUITests/Info.plist;
				LD_RUNPATH_SEARCH_PATHS = "$(inherited) @executable_path/Frameworks @loader_path/Frameworks";
				PRODUCT_BUNDLE_IDENTIFIER = mingren.XichuangzhuJayTestUITests;
				PRODUCT_NAME = "$(TARGET_NAME)";
				TEST_TARGET_NAME = XichuangzhuJayTest;
			};
			name = Debug;
		};
		CB53A7101CC78FAC00DC01F5 /* Release */ = {
			isa = XCBuildConfiguration;
			buildSettings = {
				INFOPLIST_FILE = XichuangzhuJayTestUITests/Info.plist;
				LD_RUNPATH_SEARCH_PATHS = "$(inherited) @executable_path/Frameworks @loader_path/Frameworks";
				PRODUCT_BUNDLE_IDENTIFIER = mingren.XichuangzhuJayTestUITests;
				PRODUCT_NAME = "$(TARGET_NAME)";
				TEST_TARGET_NAME = XichuangzhuJayTest;
			};
			name = Release;
		};
/* End XCBuildConfiguration section */

/* Begin XCConfigurationList section */
		CB53A6D61CC78FAC00DC01F5 /* Build configuration list for PBXProject "XichuangzhuJayTest" */ = {
			isa = XCConfigurationList;
			buildConfigurations = (
				CB53A7061CC78FAC00DC01F5 /* Debug */,
				CB53A7071CC78FAC00DC01F5 /* Release */,
			);
			defaultConfigurationIsVisible = 0;
			defaultConfigurationName = Release;
		};
		CB53A7081CC78FAC00DC01F5 /* Build configuration list for PBXNativeTarget "XichuangzhuJayTest" */ = {
			isa = XCConfigurationList;
			buildConfigurations = (
				CB53A7091CC78FAC00DC01F5 /* Debug */,
				CB53A70A1CC78FAC00DC01F5 /* Release */,
			);
			defaultConfigurationIsVisible = 0;
			defaultConfigurationName = Release;
		};
		CB53A70B1CC78FAC00DC01F5 /* Build configuration list for PBXNativeTarget "XichuangzhuJayTestTests" */ = {
			isa = XCConfigurationList;
			buildConfigurations = (
				CB53A70C1CC78FAC00DC01F5 /* Debug */,
				CB53A70D1CC78FAC00DC01F5 /* Release */,
			);
			defaultConfigurationIsVisible = 0;
			defaultConfigurationName = Release;
		};
		CB53A70E1CC78FAC00DC01F5 /* Build configuration list for PBXNativeTarget "XichuangzhuJayTestUITests" */ = {
			isa = XCConfigurationList;
			buildConfigurations = (
				CB53A70F1CC78FAC00DC01F5 /* Debug */,
				CB53A7101CC78FAC00DC01F5 /* Release */,
			);
			defaultConfigurationIsVisible = 0;
			defaultConfigurationName = Release;
		};
/* End XCConfigurationList section */
	};
	rootObject = CB53A6D31CC78FAC00DC01F5 /* Project object */;
}
